github.com/aws/aws-sdk-go-v2 v1.36.3 h1:mJoei2CxPutQVxaATCzDUjcZEjVRdpsiiXi2o38yqWM=
github.com/aws/aws-sdk-go-v2 v1.36.3/go.mod h1:LLXuLpgzEbD766Z5ECcRmi8AzSwfZItDtmABVkRLGzg=
github.com/aws/aws-sdk-go-v2/config v1.29.12 h1:Y/2a+jLPrPbHpFkpAAYkVEtJmxORlXoo5k2g1fa2sUo=
github.com/aws/aws-sdk-go-v2/config v1.29.12/go.mod h1:xse1YTjmORlb/6fhkWi8qJh3cvZi4JoVNhc+NbJt4kI=
github.com/aws/aws-sdk-go-v2/credentials v1.17.65 h1:q+nV2yYegofO/SUXruT+pn4KxkxmaQ++1B/QedcKBFM=
github.com/aws/aws-sdk-go-v2/credentials v1.17.65/go.mod h1:4zyjAuGOdikpNYiSGpsGz8hLGmUzlY8pc8r9QQ/RXYQ=
github.com/aws/aws-sdk-go-v2/feature/ec2/imds v1.16.30 h1:x793wxmUWVDhshP8WW2mlnXuFrO4cOd3HLBroh1paFw=
github.com/aws/aws-sdk-go-v2/feature/ec2/imds v1.16.30/go.mod h1:Jpne2tDnYiFascUEs2AWHJL9Yp7A5ZVy3TNyxaAjD6M=
github.com/aws/aws-sdk-go-v2/internal/configsources v1.3.34 h1:ZK5jHhnrioRkUNOc+hOgQKlUL5JeC3S6JgLxtQ+Rm0Q=
github.com/aws/aws-sdk-go-v2/internal/configsources v1.3.34/go.mod h1:p4VfIceZokChbA9FzMbRGz5OV+lekcVtHlPKEO0gSZY=
github.com/aws/aws-sdk-go-v2/internal/endpoints/v2 v2.6.34 h1:SZwFm17ZUNNg5Np0ioo/gq8Mn6u9w19Mri8DnJ15Jf0=
github.com/aws/aws-sdk-go-v2/internal/endpoints/v2 v2.6.34/go.mod h1:dFZsC0BLo346mvKQLWmoJxT+Sjp+qcVR1tRVHQGOH9Q=
github.com/aws/aws-sdk-go-v2/internal/ini v1.8.3 h1:bIqFDwgGXXN1Kpp99pDOdKMTTb5d2KyU5X/BZxjOkRo=
github.com/aws/aws-sdk-go-v2/internal/ini v1.8.3/go.mod h1:H5O/EsxDWyU+LP/V8i5sm8cxoZgc2fdNR9bxlOFrQTo=
github.com/aws/aws-sdk-go-v2/service/ec2 v1.210.1 h1:+4A9SDduLZFlDeXWRmfQ6r8kyEJZQfK6lcg+KwdvWrI=
github.com/aws/aws-sdk-go-v2/service/ec2 v1.210.1/go.mod h1:ouvGEfHbLaIlWwpDpOVWPWR+YwO0HDv3vm5tYLq8ImY=
github.com/aws/aws-sdk-go-v2/service/elasticloadbalancing v1.29.1 h1:HR2oZpKU1TDGGfLA0XgM3TGnapcjPKc5PEqAdMIinzU=
github.com/aws/aws-sdk-go-v2/service/elasticloadbalancing v1.29.1/go.mod h1:H232HdqVlSUoqy0cMJYW1TKjcxvGFGFZ20xQG8fOAPw=
github.com/aws/aws-sdk-go-v2/service/internal/accept-encoding v1.12.3 h1:eAh2A4b5IzM/lum78bZ590jy36+d/aFLgKF/4Vd1xPE=
github.com/aws/aws-sdk-go-v2/service/internal/accept-encoding v1.12.3/go.mod h1:0yKJC/kb8sAnmlYa6Zs3QVYqaC8ug2AbnNChv5Ox3uA=
github.com/aws/aws-sdk-go-v2/service/internal/presigned-url v1.12.15 h1:dM9/92u2F1JbDaGooxTq18wmmFzbJRfXfVfy96/1CXM=
github.com/aws/aws-sdk-go-v2/service/internal/presigned-url v1.12.15/go.mod h1:SwFBy2vjtA0vZbjjaFtfN045boopadnoVPhu4Fv66vY=
github.com/aws/aws-sdk-go-v2/service/sso v1.25.2 h1:pdgODsAhGo4dvzC3JAG5Ce0PX8kWXrTZGx+jxADD+5E=
github.com/aws/aws-sdk-go-v2/service/sso v1.25.2/go.mod h1:qs4a9T5EMLl/Cajiw2TcbNt2UNo/Hqlyp+GiuG4CFDI=
github.com/aws/aws-sdk-go-v2/service/ssooidc v1.30.0 h1:90uX0veLKcdHVfvxhkWUQSCi5VabtwMLFutYiRke4oo=
github.com/aws/aws-sdk-go-v2/service/ssooidc v1.30.0/go.mod h1:MlYRNmYu/fGPoxBQVvBYr9nyr948aY/WLUvwBMBJubs=
github.com/aws/aws-sdk-go-v2/service/sts v1.33.17 h1:PZV5W8yk4OtH1JAuhV2PXwwO9v5G5Aoj+eMCn4T+1Kc=
github.com/aws/aws-sdk-go-v2/service/sts v1.33.17/go.mod h1:cQnB8CUnxbMU82JvlqjKR2HBOm3fe9pWorWBza6MBJ4=
github.com/aws/smithy-go v1.22.2 h1:6D9hW43xKFrRx/tXXfAlIZc4JI+yQe6snnWcQyxSyLQ=
github.com/aws/smithy-go v1.22.2/go.mod h1:irrKGvNn1InZwb2d7fkIRNucdfwR8R+Ts3wxYa/cJHg=
github.com/davecgh/go-spew v1.1.1 h1:vj9j/u1bqnvCEfJOwUhtlOARqs3+rkHYY13jYWTU97c=
github.com/davecgh/go-spew v1.1.1/go.mod h1:J7Y8YcW2NihsgmVo/mv3lAwl/skON4iLHjSsI+c5H38=
github.com/dgrijalva/jwt-go v3.2.0+incompatible h1:7qlOGliEKZXTDg6OTjfoBKDXWrumCAMpl/TFQ4/5kLM=
github.com/dgrijalva/jwt-go v3.2.0+incompatible/go.mod h1:E3ru+11k8xSBh+hMPgOLZmtrrCbhqsmaPHjLKYnJCaQ=
github.com/ghodss/yaml v1.0.0 h1:wQHKEahhL6wmXdzwWG11gIVCkOv05bNOh+Rxn0yngAk=
github.com/ghodss/yaml v1.0.0/go.mod h1:4dBDuWmgqj2HViK6kFavaiC9ZROes6MMH2rRYeMEF04=
github.com/gorilla/websocket v1.4.2 h1:+/TMaTYc4QFitKJxsQ7Yye35DkWvkdLcvGKqM+x0Ufc=
github.com/gorilla/websocket v1.4.2/go.mod h1:YR8l580nyteQvAITg2hZ9XVh4b55+EU/adAjf1fMHhE=
github.com/kr/pretty v0.1.0 h1:L/CwN0zerZDmRFUapSPitk6f+Q3+0za1rQkzVuMiMFI=
github.com/kr/pretty v0.1.0/go.mod h1:dAy3ld7l9f0ibDNOQOHHMYYIIbhfbHSm3C4ZsoJORNo=
github.com/kr/pty v1.1.1/go.mod h1:pFQYn66WHrOpPYNljwOMqo10TkYh1fy3cYio2l3bCsQ=
github.com/kr/text v0.1.0 h1:45sCR5RtlFHMR4UwH9sdQ5TC8v0qDQCHnXt+kaKSTVE=
github.com/kr/text v0.1.0/go.mod h1:4Jbv+DJW3UT/LiOwJeYQe1efqtUx/iVham/4vfdArNI=
github.com/labstack/echo v3.3.5+incompatible h1:9PfxPUmasKzeJor9uQTaXLT6WUG/r+vSTmvXxvv3JO4=
github.com/labstack/echo v3.3.5+incompatible/go.mod h1:0INS7j/VjnFxD4E2wkz67b8cVwCLbBmJyDaka6Cmk1s=
github.com/labstack/gommon v0.0.0-20180613044413-d6898124de91 h1:6R2WAx0PYNGtK2ZED9xKlTGEha51GsCFZijom+NMGEk=
github.com/labstack/gommon v0.0.0-20180613044413-d6898124de91/go.mod h1:/tj9csK2iPSBvn+3NLM9e52usepMtrd5ilFYA+wQNJ4=
github.com/lusis/slack-test v0.0.0-20190426140909-c40012f20018 h1:MNApn+Z+fIT4NPZopPfCc1obT6aY3SVM6DOctz1A9ZU=
github.com/lusis/slack-test v0.0.0-20190426140909-c40012f20018/go.mod h1:sFlOUpQL1YcjhFVXhg1CG8ZASEs/Mf1oVb6H75JL/zg=
github.com/mattn/go-colorable v0.0.9 h1:UVL0vNpWh04HeJXV0KLcaT7r06gOH2l4OW6ddYRUIY4=
github.com/mattn/go-colorable v0.0.9/go.mod h1:9vuHe8Xs5qXnSaW/c/ABM9alt+Vo+STaOChaDxuIBZU=
github.com/mattn/go-isatty v0.0.3 h1:ns/ykhmWi7G9O+8a448SecJU3nSMBXJfqQkl0upE1jI=
github.com/mattn/go-isatty v0.0.3/go.mod h1:M+lRXTBqGeGNdLjl/ufCoiOlB5xdOkqRJdNxMWT7Zi4=
github.com/nlopes/slack v0.2.0 h1:ygNVH3HWrOPFbzFoAmRKPcMcmYMmsLf+vPV9DhJdqJI=
github.com/nlopes/slack v0.2.0/go.mod h1:jVI4BBK3lSktibKahxBF74txcK2vyvkza1z/+rRnVAM=
github.com/pmezard/go-difflib v1.0.0 h1:4DBwDE0NGyQoBHbLQYPwSUPoCMWR5BEzIk/f1lZbAQM=
github.com/pmezard/go-difflib v1.0.0/go.mod h1:iKH77koFhYxTK1pcRnkKkqfTogsbg7gZNVY4sRDYZ/4=
github.com/stretchr/testify v1.10.0 h1:Xv5erBjTwe/5IxqUQTdXv5kgmIvbHo3QQyRwhJsOfJA=
github.com/stretchr/testify v1.10.0/go.mod h1:r2ic/lqez/lEtzL7wO/rwa5dbSLXVDPFyf8C91i36aY=
github.com/valyala/bytebufferpool v1.0.0 h1:GqA5TC/0021Y/b9FG4Oi9Mr3q7XYx6KllzawFIhcdPw=
github.com/valyala/bytebufferpool v1.0.0/go.mod h1:6bBcMArwyJ5K/AmCkWv1jt77kVWyCJ6HpOuEn7z0Csc=
github.com/valyala/fasttemplate v0.0.0-20170224212429-dcecefd839c4 h1:gKMu1Bf6QINDnvyZuTaACm9ofY+PRh+5vFz4oxBZeF8=
github.com/valyala/fasttemplate v0.0.0-20170224212429-dcecefd839c4/go.mod h1:50wTf68f99/Zt14pr046Tgt3Lp2vLyFZKzbFXTOabXw=
golang.org/x/crypto v0.0.0-20210921155107-089bfa567519 h1:7I4JAnoQBe7ZtJcBaYHi5UtiO8tQHbUSXxL+pnGRANg=
golang.org/x/crypto v0.0.0-20210921155107-089bfa567519/go.mod h1:GvvjBRRGRdwPK5ydBHafDWAxML/pGHZbMvKqRZ5+Abc=
golang.org/x/net v0.8.0 h1:Zrh2ngAOFYneWTAIAPethzeaQLuHwhuBkuV6ZiRnUaQ=
golang.org/x/net v0.8.0/go.mod h1:QVkue5JL9kW//ek3r6jTKnTFis1tRmNAW2P1shuFdJc=
golang.org/x/sys v0.6.0 h1:MVltZSvRTcU2ljQOhs94SXPftV6DCNnZViHeQps87pQ=
golang.org/x/sys v0.6.0/go.mod h1:oPkhp1MJrh7nUepCBck5+mAzfO9JrbApNNgaTdGDITg=
golang.org/x/text v0.8.0 h1:57P1ETyNKtuIjB4SRd15iJxuhj8Gc416Y78H3qgMh68=
golang.org/x/text v0.8.0/go.mod h1:e1OnstbJyHTd6l/uOt8jFFHp6TRDWZR/bV3emEE/zU8=
gopkg.in/check.v1 v0.0.0-20161208181325-20d25e280405/go.mod h1:Co6ibVJAznAaIkqp8huTwlJQCZ016jof/cbN4VW5Yz0=
gopkg.in/check.v1 v1.0.0-20180628173108-788fd7840127 h1:qIbj1fsPNlZgppZ+VLlY7N33q108Sa+fhmuc+sWQYwY=
gopkg.in/check.v1 v1.0.0-20180628173108-788fd7840127/go.mod h1:Co6ibVJAznAaIkqp8huTwlJQCZ016jof/cbN4VW5Yz0=
gopkg.in/yaml.v2 v2.4.0 h1:D8xgwECY7CYvx+Y2n4sBz93Jn9JRvxdiyyo8CTfuKaY=
gopkg.in/yaml.v2 v2.4.0/go.mod h1:RDklbk79AGWmwhnvt/jBztapEOGDOx6ZbXqjP6csGnQ=
gopkg.in/yaml.v3 v3.0.1 h1:fxVm/GzAzEWqLHuvctI91KS9hhNmmWOoWu0XTYJS7CA=
gopkg.in/yaml.v3 v3.0.1/go.mod h1:K4uyk7z7BCEPqu6E+C64Yfv1cQ7kz7rIZviUmN+EgEM=
